
Microsoft Visual Studio Solution File, Format Version 12.00
# Visual Studio Version 16
VisualStudioVersion = 16.0.30320.27
MinimumVisualStudioVersion = 10.0.40219.1
Project("{FAE04EC0-301F-11D3-BF4B-00C04F79EFBC}") = "Study", "Study.csproj", "{FBEBB800-03EC-472B-BBED-7439A1B076AE}"
EndProject
Project("{FAE04EC0-301F-11D3-BF4B-00C04F79EFBC}") = "Task 2", "..\Task 2\Task 2.csproj", "{94CA57BB-0B5E-4394-BEAE-339ED6A174B3}"
EndProject
Project("{FAE04EC0-301F-11D3-BF4B-00C04F79EFBC}") = "Task 3", "..\Task 3\Task 3.csproj", "{8B212B49-FA20-4BC3-BDE7-CC2A144A6E47}"
EndProject
Project("{FAE04EC0-301F-11D3-BF4B-00C04F79EFBC}") = "Task 4", "..\Task 4\Task 4.csproj", "{121B6B26-6942-4910-BD55-5F0F59B4E2EC}"
EndProject
Global
	GlobalSection(SolutionConfigurationPlatforms) = preSolution
		Debug|Any CPU = Debug|Any CPU
		Release|Any CPU = Release|Any CPU
	EndGlobalSection
	GlobalSection(ProjectConfigurationPlatforms) = postSolution
		{FBEBB800-03EC-472B-BBED-7439A1B076AE}.Debug|Any CPU.ActiveCfg = Debug|Any CPU
		{FBEBB800-03EC-472B-BBED-7439A1B076AE}.Debug|Any CPU.Build.0 = Debug|Any CPU
		{FBEBB800-03EC-472B-BBED-7439A1B076AE}.Release|Any CPU.ActiveCfg = Release|Any CPU
		{FBEBB800-03EC-472B-BBED-7439A1B076AE}.Release|Any CPU.Build.0 = Release|Any CPU
		{94CA57BB-0B5E-4394-BEAE-339ED6A174B3}.Debug|Any CPU.ActiveCfg = Debug|Any CPU
		{94CA57BB-0B5E-4394-BEAE-339ED6A174B3}.Debug|Any CPU.Build.0 = Debug|Any CPU
		{94CA57BB-0B5E-4394-BEAE-339ED6A174B3}.Release|Any CPU.ActiveCfg = Release|Any CPU
		{94CA57BB-0B5E-4394-BEAE-339ED6A174B3}.Release|Any CPU.Build.0 = Release|Any CPU
		{8B212B49-FA20-4BC3-BDE7-CC2A144A6E47}.Debug|Any CPU.ActiveCfg = Debug|Any CPU
		{8B212B49-FA20-4BC3-BDE7-CC2A144A6E47}.Debug|Any CPU.Build.0 = Debug|Any CPU
		{8B212B49-FA20-4BC3-BDE7-CC2A144A6E47}.Release|Any CPU.ActiveCfg = Release|Any CPU
		{8B212B49-FA20-4BC3-BDE7-CC2A144A6E47}.Release|Any CPU.Build.0 = Release|Any CPU
		{121B6B26-6942-4910-BD55-5F0F59B4E2EC}.Debug|Any CPU.ActiveCfg = Debug|Any CPU
		{121B6B26-6942-4910-BD55-5F0F59B4E2EC}.Debug|Any CPU.Build.0 = Debug|Any CPU
		{121B6B26-6942-4910-BD55-5F0F59B4E2EC}.Release|Any CPU.ActiveCfg = Release|Any CPU
		{121B6B26-6942-4910-BD55-5F0F59B4E2EC}.Release|Any CPU.Build.0 = Release|Any CPU
	EndGlobalSection
	GlobalSection(SolutionProperties) = preSolution
		HideSolutionNode = FALSE
	EndGlobalSection
	GlobalSection(ExtensibilityGlobals) = postSolution
		SolutionGuid = {001930FE-BDD5-4693-8F2C-BA409B49EA24}
	EndGlobalSection
EndGlobal
